
Microsoft Visual Studio Solution File, Format Version 12.00
# Visual Studio 15
VisualStudioVersion = 15.0.27004.2006
MinimumVisualStudioVersion = 10.0.40219.1
Project("{9A19103F-16F7-4668-BE54-9A1E7A4F7556}") = "DataModel", "DataModel\DataModel.csproj", "{76D0965E-20DB-4833-AED4-94ED25EDEF4A}"
EndProject
Project("{9A19103F-16F7-4668-BE54-9A1E7A4F7556}") = "ServerAppMvc.Web", "ServerAppMvc.Web\ServerAppMvc.Web.csproj", "{0D5A1050-446F-497C-B33E-1873A1274B3C}"
EndProject
Project("{9A19103F-16F7-4668-BE54-9A1E7A4F7556}") = "AppEngine", "AppEngine\AppEngine.csproj", "{50866580-7856-458E-9232-9C8D3A2843DE}"
EndProject
Project("{9A19103F-16F7-4668-BE54-9A1E7A4F7556}") = "AppEngine.Test", "AppEngine.Test\AppEngine.Test.csproj", "{B00C8939-38A6-4B21-906B-E925BBCB10FE}"
EndProject
Project("{FAE04EC0-301F-11D3-BF4B-00C04F79EFBC}") = "ClientApp.Angular", "ClientApp.Angular\ClientApp.Angular.csproj", "{303BA265-1E6A-40B7-8CD2-14F891DA79B4}"
EndProject
Global
	GlobalSection(SolutionConfigurationPlatforms) = preSolution
		Debug|Any CPU = Debug|Any CPU
		Release|Any CPU = Release|Any CPU
	EndGlobalSection
	GlobalSection(ProjectConfigurationPlatforms) = postSolution
		{76D0965E-20DB-4833-AED4-94ED25EDEF4A}.Debug|Any CPU.ActiveCfg = Debug|Any CPU
		{76D0965E-20DB-4833-AED4-94ED25EDEF4A}.Debug|Any CPU.Build.0 = Debug|Any CPU
		{76D0965E-20DB-4833-AED4-94ED25EDEF4A}.Release|Any CPU.ActiveCfg = Release|Any CPU
		{76D0965E-20DB-4833-AED4-94ED25EDEF4A}.Release|Any CPU.Build.0 = Release|Any CPU
		{0D5A1050-446F-497C-B33E-1873A1274B3C}.Debug|Any CPU.ActiveCfg = Debug|Any CPU
		{0D5A1050-446F-497C-B33E-1873A1274B3C}.Debug|Any CPU.Build.0 = Debug|Any CPU
		{0D5A1050-446F-497C-B33E-1873A1274B3C}.Release|Any CPU.ActiveCfg = Release|Any CPU
		{0D5A1050-446F-497C-B33E-1873A1274B3C}.Release|Any CPU.Build.0 = Release|Any CPU
		{50866580-7856-458E-9232-9C8D3A2843DE}.Debug|Any CPU.ActiveCfg = Debug|Any CPU
		{50866580-7856-458E-9232-9C8D3A2843DE}.Debug|Any CPU.Build.0 = Debug|Any CPU
		{50866580-7856-458E-9232-9C8D3A2843DE}.Release|Any CPU.ActiveCfg = Release|Any CPU
		{50866580-7856-458E-9232-9C8D3A2843DE}.Release|Any CPU.Build.0 = Release|Any CPU
		{B00C8939-38A6-4B21-906B-E925BBCB10FE}.Debug|Any CPU.ActiveCfg = Debug|Any CPU
		{B00C8939-38A6-4B21-906B-E925BBCB10FE}.Debug|Any CPU.Build.0 = Debug|Any CPU
		{B00C8939-38A6-4B21-906B-E925BBCB10FE}.Release|Any CPU.ActiveCfg = Release|Any CPU
		{B00C8939-38A6-4B21-906B-E925BBCB10FE}.Release|Any CPU.Build.0 = Release|Any CPU
		{303BA265-1E6A-40B7-8CD2-14F891DA79B4}.Debug|Any CPU.ActiveCfg = Debug|Any CPU
		{303BA265-1E6A-40B7-8CD2-14F891DA79B4}.Debug|Any CPU.Build.0 = Debug|Any CPU
		{303BA265-1E6A-40B7-8CD2-14F891DA79B4}.Release|Any CPU.ActiveCfg = Release|Any CPU
		{303BA265-1E6A-40B7-8CD2-14F891DA79B4}.Release|Any CPU.Build.0 = Release|Any CPU
	EndGlobalSection
	GlobalSection(SolutionProperties) = preSolution
		HideSolutionNode = FALSE
	EndGlobalSection
	GlobalSection(ExtensibilityGlobals) = postSolution
		SolutionGuid = {001F48E5-18FC-4759-BBE8-9031786377D4}
	EndGlobalSection
EndGlobal
